// !$*UTF8*$!
{
	archiveVersion = 1;
	classes = {
	};
	objectVersion = 50;
	objects = {

/* Begin PBXBuildFile section */
		421D959621455DE00058CC1B /* Detail.storyboard in Resources */ = {isa = PBXBuildFile; fileRef = 421D959521455DE00058CC1B /* Detail.storyboard */; };
		4220A4B82155F54E0019F84B /* PlantTableViewCell.swift in Sources */ = {isa = PBXBuildFile; fileRef = 4220A4B72155F54E0019F84B /* PlantTableViewCell.swift */; };
		4220A4BA2155F64B0019F84B /* NetworkService.swift in Sources */ = {isa = PBXBuildFile; fileRef = 4220A4B92155F64B0019F84B /* NetworkService.swift */; };
		4220A4BF2156359E0019F84B /* MBProgressHUD.m in Sources */ = {isa = PBXBuildFile; fileRef = 4220A4BE2156359E0019F84B /* MBProgressHUD.m */; };
		423F84D6215E330E004CF08E /* NoDataView.xib in Resources */ = {isa = PBXBuildFile; fileRef = 423F84D5215E330E004CF08E /* NoDataView.xib */; };
		423F84D9215E7937004CF08E /* FuzzySearch.storyboard in Resources */ = {isa = PBXBuildFile; fileRef = 423F84D8215E7937004CF08E /* FuzzySearch.storyboard */; };
		423F84DD215E7C5E004CF08E /* JYKPicker.m in Sources */ = {isa = PBXBuildFile; fileRef = 423F84DB215E7C5E004CF08E /* JYKPicker.m */; };
		424C9D2E214E242F00ECBDA7 /* PlantStore.swift in Sources */ = {isa = PBXBuildFile; fileRef = 424C9D2D214E242F00ECBDA7 /* PlantStore.swift */; };
		4257870C214546C30006E90B /* AnimatedAnnotationView.swift in Sources */ = {isa = PBXBuildFile; fileRef = 4257870B214546C30006E90B /* AnimatedAnnotationView.swift */; };
		42624404215CF57E0056BA96 /* SearchResultViewController.swift in Sources */ = {isa = PBXBuildFile; fileRef = 42624403215CF57E0056BA96 /* SearchResultViewController.swift */; };
		4277A5EF215B6AF400D204F0 /* UIView.swift in Sources */ = {isa = PBXBuildFile; fileRef = 4277A5EE215B6AF400D204F0 /* UIView.swift */; };
		4296D9C1213D8DEA00EC05A8 /* AppDelegate.swift in Sources */ = {isa = PBXBuildFile; fileRef = 4296D9C0213D8DEA00EC05A8 /* AppDelegate.swift */; };
		4296D9C6213D8DEA00EC05A8 /* Main.storyboard in Resources */ = {isa = PBXBuildFile; fileRef = 4296D9C4213D8DEA00EC05A8 /* Main.storyboard */; };
		4296D9C8213D8DEC00EC05A8 /* Assets.xcassets in Resources */ = {isa = PBXBuildFile; fileRef = 4296D9C7213D8DEC00EC05A8 /* Assets.xcassets */; };
		4296D9CB213D8DEC00EC05A8 /* LaunchScreen.storyboard in Resources */ = {isa = PBXBuildFile; fileRef = 4296D9C9213D8DEC00EC05A8 /* LaunchScreen.storyboard */; };
		42A040DA2143E27000DDEBB4 /* PlantData.swift in Sources */ = {isa = PBXBuildFile; fileRef = 42A040D92143E27000DDEBB4 /* PlantData.swift */; };
		42A422082167E35300F54C1F /* PlantLocations.json in Resources */ = {isa = PBXBuildFile; fileRef = 42A422072167E35300F54C1F /* PlantLocations.json */; };
		42ABBA87215DDA5000D6CF78 /* Pods_PlantBook.framework in Frameworks */ = {isa = PBXBuildFile; fileRef = 42ABBA86215DDA5000D6CF78 /* Pods_PlantBook.framework */; };
		42BBFE48215F1EAA003DC97D /* FuzzySearchTableViewController.swift in Sources */ = {isa = PBXBuildFile; fileRef = 42BBFE47215F1EAA003DC97D /* FuzzySearchTableViewController.swift */; };
		42C47239215D2978008265BB /* UserFavoritesTableViewController.swift in Sources */ = {isa = PBXBuildFile; fileRef = 42C47238215D2978008265BB /* UserFavoritesTableViewController.swift */; };
		42C783C821418FDE00F76B24 /* PlantMapViewController.swift in Sources */ = {isa = PBXBuildFile; fileRef = 42C783C721418FDE00F76B24 /* PlantMapViewController.swift */; };
		42C783CF214192BE00F76B24 /* PlantSelectViewController.swift in Sources */ = {isa = PBXBuildFile; fileRef = 42C783CE214192BE00F76B24 /* PlantSelectViewController.swift */; };
		42C783D32141933100F76B24 /* PlantBookTableViewController.swift in Sources */ = {isa = PBXBuildFile; fileRef = 42C783D22141933100F76B24 /* PlantBookTableViewController.swift */; };
		42C783D62141940400F76B24 /* PlantListTableViewController.swift in Sources */ = {isa = PBXBuildFile; fileRef = 42C783D52141940400F76B24 /* PlantListTableViewController.swift */; };
		42C783D82141943200F76B24 /* PlantDetailTableViewController.swift in Sources */ = {isa = PBXBuildFile; fileRef = 42C783D72141943200F76B24 /* PlantDetailTableViewController.swift */; };
		42DC569B2169AE5D00514AB2 /* DispatchQueue.swift in Sources */ = {isa = PBXBuildFile; fileRef = 42DC569A2169AE5D00514AB2 /* DispatchQueue.swift */; };
		42DC569D2169B53000514AB2 /* PlantNames.txt in Resources */ = {isa = PBXBuildFile; fileRef = 42DC569C2169B53000514AB2 /* PlantNames.txt */; };
		42DC56D2216A43EE00514AB2 /* FuzzySearchHelpViewController.swift in Sources */ = {isa = PBXBuildFile; fileRef = 42DC56D1216A43EE00514AB2 /* FuzzySearchHelpViewController.swift */; };
		42DC56D6216A530B00514AB2 /* help.html in Resources */ = {isa = PBXBuildFile; fileRef = 42DC56D5216A530B00514AB2 /* help.html */; };
		42DC56E2216A531500514AB2 /* crack.tiff in Resources */ = {isa = PBXBuildFile; fileRef = 42DC56D7216A531500514AB2 /* crack.tiff */; };
		42DC56E3216A531500514AB2 /* leafGrowth.tiff in Resources */ = {isa = PBXBuildFile; fileRef = 42DC56D8216A531500514AB2 /* leafGrowth.tiff */; };
		42DC56E4216A531500514AB2 /* leafAppearance.tiff in Resources */ = {isa = PBXBuildFile; fileRef = 42DC56D9216A531500514AB2 /* leafAppearance.tiff */; };
		42DC56E5216A531500514AB2 /* leafMargin.tiff in Resources */ = {isa = PBXBuildFile; fileRef = 42DC56DA216A531500514AB2 /* leafMargin.tiff */; };
		42DC56E6216A531500514AB2 /* arallelParallelVenation.tiff in Resources */ = {isa = PBXBuildFile; fileRef = 42DC56DB216A531500514AB2 /* arallelParallelVenation.tiff */; };
		42DC56E7216A531500514AB2 /* leaf.tiff in Resources */ = {isa = PBXBuildFile; fileRef = 42DC56DC216A531500514AB2 /* leaf.tiff */; };
		42DC56E8216A531500514AB2 /* inflorescence.tiff in Resources */ = {isa = PBXBuildFile; fileRef = 42DC56DD216A531500514AB2 /* inflorescence.tiff */; };
		42DC56E9216A531500514AB2 /* fruit.tiff in Resources */ = {isa = PBXBuildFile; fileRef = 42DC56DE216A531500514AB2 /* fruit.tiff */; };
		42DC56EA216A531500514AB2 /* parallelVeins.tiff in Resources */ = {isa = PBXBuildFile; fileRef = 42DC56DF216A531500514AB2 /* parallelVeins.tiff */; };
		42DC56EB216A531500514AB2 /* palmateVein.tiff in Resources */ = {isa = PBXBuildFile; fileRef = 42DC56E0216A531500514AB2 /* palmateVein.tiff */; };
		42DC56EC216A531500514AB2 /* nettedVenation.tiff in Resources */ = {isa = PBXBuildFile; fileRef = 42DC56E1216A531500514AB2 /* nettedVenation.tiff */; };
		42DC56EE216A532600514AB2 /* style.css in Resources */ = {isa = PBXBuildFile; fileRef = 42DC56ED216A532600514AB2 /* style.css */; };
		42DEC62A215D189B005673FA /* GSKeyChainDataManager.m in Sources */ = {isa = PBXBuildFile; fileRef = 42DEC627215D189A005673FA /* GSKeyChainDataManager.m */; };
		42DEC62B215D189B005673FA /* GSKeyChain.m in Sources */ = {isa = PBXBuildFile; fileRef = 42DEC629215D189A005673FA /* GSKeyChain.m */; };
		42E2A15121539F42009FCC27 /* String.swift in Sources */ = {isa = PBXBuildFile; fileRef = 42E2A15021539F42009FCC27 /* String.swift */; };
		42E2A1532154E17E009FCC27 /* RootPlantBookViewController.swift in Sources */ = {isa = PBXBuildFile; fileRef = 42E2A1522154E17E009FCC27 /* RootPlantBookViewController.swift */; };
/* End PBXBuildFile section */

/* Begin PBXFileReference section */
		421D959521455DE00058CC1B /* Detail.storyboard */ = {isa = PBXFileReference; lastKnownFileType = file.storyboard; path = Detail.storyboard; sourceTree = "<group>"; };
		4220A4B72155F54E0019F84B /* PlantTableViewCell.swift */ = {isa = PBXFileReference; lastKnownFileType = sourcecode.swift; path = PlantTableViewCell.swift; sourceTree = "<group>"; };
		4220A4B92155F64B0019F84B /* NetworkService.swift */ = {isa = PBXFileReference; lastKnownFileType = sourcecode.swift; path = NetworkService.swift; sourceTree = "<group>"; };
		4220A4BD2156359E0019F84B /* MBProgressHUD.h */ = {isa = PBXFileReference; fileEncoding = 4; lastKnownFileType = sourcecode.c.h; path = MBProgressHUD.h; sourceTree = "<group>"; };
		4220A4BE2156359E0019F84B /* MBProgressHUD.m */ = {isa = PBXFileReference; fileEncoding = 4; lastKnownFileType = sourcecode.c.objc; path = MBProgressHUD.m; sourceTree = "<group>"; };
		423F84D5215E330E004CF08E /* NoDataView.xib */ = {isa = PBXFileReference; lastKnownFileType = file.xib; path = NoDataView.xib; sourceTree = "<group>"; };
		423F84D8215E7937004CF08E /* FuzzySearch.storyboard */ = {isa = PBXFileReference; lastKnownFileType = file.storyboard; path = FuzzySearch.storyboard; sourceTree = "<group>"; };
		423F84DB215E7C5E004CF08E /* JYKPicker.m */ = {isa = PBXFileReference; fileEncoding = 4; lastKnownFileType = sourcecode.c.objc; path = JYKPicker.m; sourceTree = "<group>"; };
		423F84DC215E7C5E004CF08E /* JYKPicker.h */ = {isa = PBXFileReference; fileEncoding = 4; lastKnownFileType = sourcecode.c.h; path = JYKPicker.h; sourceTree = "<group>"; };
		424C9D2D214E242F00ECBDA7 /* PlantStore.swift */ = {isa = PBXFileReference; lastKnownFileType = sourcecode.swift; path = PlantStore.swift; sourceTree = "<group>"; };
		4257870B214546C30006E90B /* AnimatedAnnotationView.swift */ = {isa = PBXFileReference; fileEncoding = 4; lastKnownFileType = sourcecode.swift; path = AnimatedAnnotationView.swift; sourceTree = "<group>"; };
		42624403215CF57E0056BA96 /* SearchResultViewController.swift */ = {isa = PBXFileReference; fileEncoding = 4; lastKnownFileType = sourcecode.swift; path = SearchResultViewController.swift; sourceTree = "<group>"; };
		4277A5EE215B6AF400D204F0 /* UIView.swift */ = {isa = PBXFileReference; lastKnownFileType = sourcecode.swift; path = UIView.swift; sourceTree = "<group>"; };
		4296D9BD213D8DEA00EC05A8 /* PlantBook.app */ = {isa = PBXFileReference; explicitFileType = wrapper.application; includeInIndex = 0; path = PlantBook.app; sourceTree = BUILT_PRODUCTS_DIR; };
		4296D9C0213D8DEA00EC05A8 /* AppDelegate.swift */ = {isa = PBXFileReference; lastKnownFileType = sourcecode.swift; path = AppDelegate.swift; sourceTree = "<group>"; };
		4296D9C5213D8DEA00EC05A8 /* Base */ = {isa = PBXFileReference; lastKnownFileType = file.storyboard; name = Base; path = Base.lproj/Main.storyboard; sourceTree = "<group>"; };
		4296D9C7213D8DEC00EC05A8 /* Assets.xcassets */ = {isa = PBXFileReference; lastKnownFileType = folder.assetcatalog; path = Assets.xcassets; sourceTree = "<group>"; };
		4296D9CA213D8DEC00EC05A8 /* Base */ = {isa = PBXFileReference; lastKnownFileType = file.storyboard; name = Base; path = Base.lproj/LaunchScreen.storyboard; sourceTree = "<group>"; };
		4296D9CC213D8DEC00EC05A8 /* Info.plist */ = {isa = PBXFileReference; lastKnownFileType = text.plist.xml; path = Info.plist; sourceTree = "<group>"; };
		42A040D92143E27000DDEBB4 /* PlantData.swift */ = {isa = PBXFileReference; lastKnownFileType = sourcecode.swift; path = PlantData.swift; sourceTree = "<group>"; };
		42A040DC214404EA00DDEBB4 /* PlantBook-Bridging-Header.h */ = {isa = PBXFileReference; lastKnownFileType = sourcecode.c.h; path = "PlantBook-Bridging-Header.h"; sourceTree = "<group>"; };
		42A422072167E35300F54C1F /* PlantLocations.json */ = {isa = PBXFileReference; lastKnownFileType = text.json; path = PlantLocations.json; sourceTree = "<group>"; };
		42ABBA86215DDA5000D6CF78 /* Pods_PlantBook.framework */ = {isa = PBXFileReference; explicitFileType = wrapper.framework; path = Pods_PlantBook.framework; sourceTree = BUILT_PRODUCTS_DIR; };
		42BBFE47215F1EAA003DC97D /* FuzzySearchTableViewController.swift */ = {isa = PBXFileReference; lastKnownFileType = sourcecode.swift; path = FuzzySearchTableViewController.swift; sourceTree = "<group>"; };
		42C47238215D2978008265BB /* UserFavoritesTableViewController.swift */ = {isa = PBXFileReference; lastKnownFileType = sourcecode.swift; path = UserFavoritesTableViewController.swift; sourceTree = "<group>"; };
		42C783C721418FDE00F76B24 /* PlantMapViewController.swift */ = {isa = PBXFileReference; lastKnownFileType = sourcecode.swift; path = PlantMapViewController.swift; sourceTree = "<group>"; };
		42C783CE214192BE00F76B24 /* PlantSelectViewController.swift */ = {isa = PBXFileReference; lastKnownFileType = sourcecode.swift; path = PlantSelectViewController.swift; sourceTree = "<group>"; };
		42C783D22141933100F76B24 /* PlantBookTableViewController.swift */ = {isa = PBXFileReference; lastKnownFileType = sourcecode.swift; path = PlantBookTableViewController.swift; sourceTree = "<group>"; };
		42C783D52141940400F76B24 /* PlantListTableViewController.swift */ = {isa = PBXFileReference; lastKnownFileType = sourcecode.swift; path = PlantListTableViewController.swift; sourceTree = "<group>"; };
		42C783D72141943200F76B24 /* PlantDetailTableViewController.swift */ = {isa = PBXFileReference; lastKnownFileType = sourcecode.swift; path = PlantDetailTableViewController.swift; sourceTree = "<group>"; };
		42CAC656215CBEEF002B9C7F /* zh-Hans */ = {isa = PBXFileReference; lastKnownFileType = text.plist.strings; name = "zh-Hans"; path = "zh-Hans.lproj/Main.strings"; sourceTree = "<group>"; };
		42CAC657215CBEEF002B9C7F /* zh-Hans */ = {isa = PBXFileReference; lastKnownFileType = text.plist.strings; name = "zh-Hans"; path = "zh-Hans.lproj/LaunchScreen.strings"; sourceTree = "<group>"; };
		42DC569A2169AE5D00514AB2 /* DispatchQueue.swift */ = {isa = PBXFileReference; lastKnownFileType = sourcecode.swift; path = DispatchQueue.swift; sourceTree = "<group>"; };
		42DC569C2169B53000514AB2 /* PlantNames.txt */ = {isa = PBXFileReference; lastKnownFileType = text; path = PlantNames.txt; sourceTree = "<group>"; };
		42DC56D1216A43EE00514AB2 /* FuzzySearchHelpViewController.swift */ = {isa = PBXFileReference; lastKnownFileType = sourcecode.swift; path = FuzzySearchHelpViewController.swift; sourceTree = "<group>"; };
		42DC56D5216A530B00514AB2 /* help.html */ = {isa = PBXFileReference; fileEncoding = 4; lastKnownFileType = text.html; path = help.html; sourceTree = "<group>"; };
		42DC56D7216A531500514AB2 /* crack.tiff */ = {isa = PBXFileReference; lastKnownFileType = image.tiff; path = crack.tiff; sourceTree = "<group>"; };
		42DC56D8216A531500514AB2 /* leafGrowth.tiff */ = {isa = PBXFileReference; lastKnownFileType = image.tiff; path = leafGrowth.tiff; sourceTree = "<group>"; };
		42DC56D9216A531500514AB2 /* leafAppearance.tiff */ = {isa = PBXFileReference; lastKnownFileType = image.tiff; path = leafAppearance.tiff; sourceTree = "<group>"; };
		42DC56DA216A531500514AB2 /* leafMargin.tiff */ = {isa = PBXFileReference; lastKnownFileType = image.tiff; path = leafMargin.tiff; sourceTree = "<group>"; };
		42DC56DB216A531500514AB2 /* arallelParallelVenation.tiff */ = {isa = PBXFileReference; lastKnownFileType = image.tiff; path = arallelParallelVenation.tiff; sourceTree = "<group>"; };
		42DC56DC216A531500514AB2 /* leaf.tiff */ = {isa = PBXFileReference; lastKnownFileType = image.tiff; path = leaf.tiff; sourceTree = "<group>"; };
		42DC56DD216A531500514AB2 /* inflorescence.tiff */ = {isa = PBXFileReference; lastKnownFileType = image.tiff; path = inflorescence.tiff; sourceTree = "<group>"; };
		42DC56DE216A531500514AB2 /* fruit.tiff */ = {isa = PBXFileReference; lastKnownFileType = image.tiff; path = fruit.tiff; sourceTree = "<group>"; };
		42DC56DF216A531500514AB2 /* parallelVeins.tiff */ = {isa = PBXFileReference; lastKnownFileType = image.tiff; path = parallelVeins.tiff; sourceTree = "<group>"; };
		42DC56E0216A531500514AB2 /* palmateVein.tiff */ = {isa = PBXFileReference; lastKnownFileType = image.tiff; path = palmateVein.tiff; sourceTree = "<group>"; };
		42DC56E1216A531500514AB2 /* nettedVenation.tiff */ = {isa = PBXFileReference; lastKnownFileType = image.tiff; path = nettedVenation.tiff; sourceTree = "<group>"; };
		42DC56ED216A532600514AB2 /* style.css */ = {isa = PBXFileReference; fileEncoding = 4; lastKnownFileType = text.css; path = style.css; sourceTree = "<group>"; };
		42DEC626215D189A005673FA /* GSKeyChain.h */ = {isa = PBXFileReference; fileEncoding = 4; lastKnownFileType = sourcecode.c.h; path = GSKeyChain.h; sourceTree = "<group>"; };
		42DEC627215D189A005673FA /* GSKeyChainDataManager.m */ = {isa = PBXFileReference; fileEncoding = 4; lastKnownFileType = sourcecode.c.objc; path = GSKeyChainDataManager.m; sourceTree = "<group>"; };
		42DEC628215D189A005673FA /* GSKeyChainDataManager.h */ = {isa = PBXFileReference; fileEncoding = 4; lastKnownFileType = sourcecode.c.h; path = GSKeyChainDataManager.h; sourceTree = "<group>"; };
		42DEC629215D189A005673FA /* GSKeyChain.m */ = {isa = PBXFileReference; fileEncoding = 4; lastKnownFileType = sourcecode.c.objc; path = GSKeyChain.m; sourceTree = "<group>"; };
		42E2A15021539F42009FCC27 /* String.swift */ = {isa = PBXFileReference; lastKnownFileType = sourcecode.swift; path = String.swift; sourceTree = "<group>"; };
		42E2A1522154E17E009FCC27 /* RootPlantBookViewController.swift */ = {isa = PBXFileReference; lastKnownFileType = sourcecode.swift; path = RootPlantBookViewController.swift; sourceTree = "<group>"; };
		A31FB9E31EF31C47B6A0D649 /* Pods_PlantBook.framework */ = {isa = PBXFileReference; explicitFileType = wrapper.framework; includeInIndex = 0; path = Pods_PlantBook.framework; sourceTree = BUILT_PRODUCTS_DIR; };
		B699F163D30E4D34BB4E785B /* Pods-PlantBook.debug.xcconfig */ = {isa = PBXFileReference; includeInIndex = 1; lastKnownFileType = text.xcconfig; name = "Pods-PlantBook.debug.xcconfig"; path = "Pods/Target Support Files/Pods-PlantBook/Pods-PlantBook.debug.xcconfig"; sourceTree = "<group>"; };
		CD4D873B89BE63C1834DD82D /* Pods-PlantBook.release.xcconfig */ = {isa = PBXFileReference; includeInIndex = 1; lastKnownFileType = text.xcconfig; name = "Pods-PlantBook.release.xcconfig"; path = "Pods/Target Support Files/Pods-PlantBook/Pods-PlantBook.release.xcconfig"; sourceTree = "<group>"; };
/* End PBXFileReference section */

/* Begin PBXFrameworksBuildPhase section */
		4296D9BA213D8DEA00EC05A8 /* Frameworks */ = {
			isa = PBXFrameworksBuildPhase;
			buildActionMask = 2147483647;
			files = (
				42ABBA87215DDA5000D6CF78 /* Pods_PlantBook.framework in Frameworks */,
			);
			runOnlyForDeploymentPostprocessing = 0;
		};
/* End PBXFrameworksBuildPhase section */

/* Begin PBXGroup section */
		1652CA652F42E5ED6B53EFA8 /* Frameworks */ = {
			isa = PBXGroup;
			children = (
				42ABBA86215DDA5000D6CF78 /* Pods_PlantBook.framework */,
				A31FB9E31EF31C47B6A0D649 /* Pods_PlantBook.framework */,
			);
			name = Frameworks;
			sourceTree = "<group>";
		};
		421FEFA621455C060078A8AA /* Storyboards */ = {
			isa = PBXGroup;
			children = (
				4296D9C4213D8DEA00EC05A8 /* Main.storyboard */,
				4296D9C9213D8DEC00EC05A8 /* LaunchScreen.storyboard */,
				421D959521455DE00058CC1B /* Detail.storyboard */,
				423F84D8215E7937004CF08E /* FuzzySearch.storyboard */,
			);
			path = Storyboards;
			sourceTree = "<group>";
		};
		4220A4B62155F5210019F84B /* TableViewCells */ = {
			isa = PBXGroup;
			children = (
				4220A4B72155F54E0019F84B /* PlantTableViewCell.swift */,
			);
			path = TableViewCells;
			sourceTree = "<group>";
		};
		4220A4BB2156353A0019F84B /* Utilities */ = {
			isa = PBXGroup;
			children = (
				423F84DA215E7C3E004CF08E /* JYKPicker */,
				42DEC625215D1870005673FA /* KeyChain */,
				4220A4BC215635760019F84B /* MBProgressHUD */,
			);
			path = Utilities;
			sourceTree = "<group>";
		};
		4220A4BC215635760019F84B /* MBProgressHUD */ = {
			isa = PBXGroup;
			children = (
				4220A4BD2156359E0019F84B /* MBProgressHUD.h */,
				4220A4BE2156359E0019F84B /* MBProgressHUD.m */,
			);
			path = MBProgressHUD;
			sourceTree = "<group>";
		};
		423F84D7215E331A004CF08E /* Xibs */ = {
			isa = PBXGroup;
			children = (
				423F84D5215E330E004CF08E /* NoDataView.xib */,
			);
			path = Xibs;
			sourceTree = "<group>";
		};
		423F84DA215E7C3E004CF08E /* JYKPicker */ = {
			isa = PBXGroup;
			children = (
				423F84DC215E7C5E004CF08E /* JYKPicker.h */,
				423F84DB215E7C5E004CF08E /* JYKPicker.m */,
			);
			path = JYKPicker;
			sourceTree = "<group>";
		};
		4257870A214546930006E90B /* Custom */ = {
			isa = PBXGroup;
			children = (
				4257870B214546C30006E90B /* AnimatedAnnotationView.swift */,
			);
			path = Custom;
			sourceTree = "<group>";
		};
		4296D9B4213D8DEA00EC05A8 = {
			isa = PBXGroup;
			children = (
				4296D9BF213D8DEA00EC05A8 /* PlantBook */,
				4296D9BE213D8DEA00EC05A8 /* Products */,
				82157675B2B3825F2238A117 /* Pods */,
				1652CA652F42E5ED6B53EFA8 /* Frameworks */,
			);
			sourceTree = "<group>";
		};
		4296D9BE213D8DEA00EC05A8 /* Products */ = {
			isa = PBXGroup;
			children = (
				4296D9BD213D8DEA00EC05A8 /* PlantBook.app */,
			);
			name = Products;
			sourceTree = "<group>";
		};
		4296D9BF213D8DEA00EC05A8 /* PlantBook */ = {
			isa = PBXGroup;
			children = (
				42DC569E2169FEB000514AB2 /* HelpHTML */,
				42A422002167A35F00F54C1F /* Resource */,
				423F84D7215E331A004CF08E /* Xibs */,
				42FCF7DF215DFD83007F7A34 /* Delegates */,
				4220A4BB2156353A0019F84B /* Utilities */,
				42E2A14F21539E92009FCC27 /* Extensions */,
				421FEFA621455C060078A8AA /* Storyboards */,
				42A040DB214404B600DDEBB4 /* Bridging-Header */,
				4296D9D3213D8E8100EC05A8 /* NetworkService */,
				42C783D92141945500F76B24 /* Models */,
				4296D9D2213D8E5900EC05A8 /* ViewControllers */,
				4296D9C7213D8DEC00EC05A8 /* Assets.xcassets */,
				4296D9CC213D8DEC00EC05A8 /* Info.plist */,
			);
			path = PlantBook;
			sourceTree = "<group>";
		};
		4296D9D2213D8E5900EC05A8 /* ViewControllers */ = {
			isa = PBXGroup;
			children = (
				42C783DA2141945B00F76B24 /* ViewModels */,
				42C47237215D28D6008265BB /* UserFavoritesViewControllers */,
				42C783C9214190E100F76B24 /* SearchViewControllers */,
				42C783D42141938500F76B24 /* PlantListViewControllers */,
				42C783CB2141917800F76B24 /* PlantBookViewControllers */,
				42C783CA2141913100F76B24 /* FuzzySearchViewControllers */,
			);
			path = ViewControllers;
			sourceTree = "<group>";
		};
		4296D9D3213D8E8100EC05A8 /* NetworkService */ = {
			isa = PBXGroup;
			children = (
				4220A4B92155F64B0019F84B /* NetworkService.swift */,
			);
			path = NetworkService;
			sourceTree = "<group>";
		};
		42A040DB214404B600DDEBB4 /* Bridging-Header */ = {
			isa = PBXGroup;
			children = (
				42A040DC214404EA00DDEBB4 /* PlantBook-Bridging-Header.h */,
			);
			path = "Bridging-Header";
			sourceTree = "<group>";
		};
		42A422002167A35F00F54C1F /* Resource */ = {
			isa = PBXGroup;
			children = (
				42A422072167E35300F54C1F /* PlantLocations.json */,
				42DC569C2169B53000514AB2 /* PlantNames.txt */,
			);
			path = Resource;
			sourceTree = "<group>";
		};
		42C47237215D28D6008265BB /* UserFavoritesViewControllers */ = {
			isa = PBXGroup;
			children = (
				42C47238215D2978008265BB /* UserFavoritesTableViewController.swift */,
			);
			path = UserFavoritesViewControllers;
			sourceTree = "<group>";
		};
		42C783C9214190E100F76B24 /* SearchViewControllers */ = {
			isa = PBXGroup;
			children = (
				42C783C721418FDE00F76B24 /* PlantMapViewController.swift */,
				42624403215CF57E0056BA96 /* SearchResultViewController.swift */,
				4257870A214546930006E90B /* Custom */,
			);
			path = SearchViewControllers;
			sourceTree = "<group>";
		};
		42C783CA2141913100F76B24 /* FuzzySearchViewControllers */ = {
			isa = PBXGroup;
			children = (
				42C783CE214192BE00F76B24 /* PlantSelectViewController.swift */,
				42BBFE47215F1EAA003DC97D /* FuzzySearchTableViewController.swift */,
				42DC56D1216A43EE00514AB2 /* FuzzySearchHelpViewController.swift */,
			);
			path = FuzzySearchViewControllers;
			sourceTree = "<group>";
		};
		42C783CB2141917800F76B24 /* PlantBookViewControllers */ = {
			isa = PBXGroup;
			children = (
				42C783D22141933100F76B24 /* PlantBookTableViewController.swift */,
				42E2A1522154E17E009FCC27 /* RootPlantBookViewController.swift */,
			);
			path = PlantBookViewControllers;
			sourceTree = "<group>";
		};
		42C783D42141938500F76B24 /* PlantListViewControllers */ = {
			isa = PBXGroup;
			children = (
				4220A4B62155F5210019F84B /* TableViewCells */,
				42C783D52141940400F76B24 /* PlantListTableViewController.swift */,
				42C783D72141943200F76B24 /* PlantDetailTableViewController.swift */,
			);
			path = PlantListViewControllers;
			sourceTree = "<group>";
		};
		42C783D92141945500F76B24 /* Models */ = {
			isa = PBXGroup;
			children = (
				42A040D92143E27000DDEBB4 /* PlantData.swift */,
				424C9D2D214E242F00ECBDA7 /* PlantStore.swift */,
			);
			path = Models;
			sourceTree = "<group>";
		};
		42C783DA2141945B00F76B24 /* ViewModels */ = {
			isa = PBXGroup;
			children = (
			);
			path = ViewModels;
			sourceTree = "<group>";
		};
		42DC569E2169FEB000514AB2 /* HelpHTML */ = {
			isa = PBXGroup;
			children = (
				42DC56D5216A530B00514AB2 /* help.html */,
				42DC56A1216A068B00514AB2 /* imgs */,
				42DC56A0216A068500514AB2 /* css */,
			);
			path = HelpHTML;
			sourceTree = "<group>";
		};
		42DC56A0216A068500514AB2 /* css */ = {
			isa = PBXGroup;
			children = (
				42DC56ED216A532600514AB2 /* style.css */,
			);
			path = css;
			sourceTree = "<group>";
		};
		42DC56A1216A068B00514AB2 /* imgs */ = {
			isa = PBXGroup;
			children = (
				42DC56DB216A531500514AB2 /* arallelParallelVenation.tiff */,
				42DC56D7216A531500514AB2 /* crack.tiff */,
				42DC56DE216A531500514AB2 /* fruit.tiff */,
				42DC56DD216A531500514AB2 /* inflorescence.tiff */,
				42DC56DC216A531500514AB2 /* leaf.tiff */,
				42DC56D9216A531500514AB2 /* leafAppearance.tiff */,
				42DC56D8216A531500514AB2 /* leafGrowth.tiff */,
				42DC56DA216A531500514AB2 /* leafMargin.tiff */,
				42DC56E1216A531500514AB2 /* nettedVenation.tiff */,
				42DC56E0216A531500514AB2 /* palmateVein.tiff */,
				42DC56DF216A531500514AB2 /* parallelVeins.tiff */,
			);
			path = imgs;
			sourceTree = "<group>";
		};
		42DEC625215D1870005673FA /* KeyChain */ = {
			isa = PBXGroup;
			children = (
				42DEC626215D189A005673FA /* GSKeyChain.h */,
				42DEC629215D189A005673FA /* GSKeyChain.m */,
				42DEC628215D189A005673FA /* GSKeyChainDataManager.h */,
				42DEC627215D189A005673FA /* GSKeyChainDataManager.m */,
			);
			path = KeyChain;
			sourceTree = "<group>";
		};
		42E2A14F21539E92009FCC27 /* Extensions */ = {
			isa = PBXGroup;
			children = (
				42E2A15021539F42009FCC27 /* String.swift */,
				4277A5EE215B6AF400D204F0 /* UIView.swift */,
				42DC569A2169AE5D00514AB2 /* DispatchQueue.swift */,
			);
			path = Extensions;
			sourceTree = "<group>";
		};
		42FCF7DF215DFD83007F7A34 /* Delegates */ = {
			isa = PBXGroup;
			children = (
				4296D9C0213D8DEA00EC05A8 /* AppDelegate.swift */,
			);
			path = Delegates;
			sourceTree = "<group>";
		};
		82157675B2B3825F2238A117 /* Pods */ = {
			isa = PBXGroup;
			children = (
				B699F163D30E4D34BB4E785B /* Pods-PlantBook.debug.xcconfig */,
				CD4D873B89BE63C1834DD82D /* Pods-PlantBook.release.xcconfig */,
			);
			name = Pods;
			sourceTree = "<group>";
		};
/* End PBXGroup section */

/* Begin PBXNativeTarget section */
		4296D9BC213D8DEA00EC05A8 /* PlantBook */ = {
			isa = PBXNativeTarget;
			buildConfigurationList = 4296D9CF213D8DED00EC05A8 /* Build configuration list for PBXNativeTarget "PlantBook" */;
			buildPhases = (
				193FED9239804CCC625C8300 /* [CP] Check Pods Manifest.lock */,
				4296D9B9213D8DEA00EC05A8 /* Sources */,
				4296D9BA213D8DEA00EC05A8 /* Frameworks */,
				4296D9BB213D8DEA00EC05A8 /* Resources */,
				C15D21945E669202BF51FFFD /* [CP] Copy Pods Resources */,
				0B2DD8C4812B48FE1181D9D0 /* [CP] Embed Pods Frameworks */,
			);
			buildRules = (
			);
			dependencies = (
			);
			name = PlantBook;
			productName = plantBook;
			productReference = 4296D9BD213D8DEA00EC05A8 /* PlantBook.app */;
			productType = "com.apple.product-type.application";
		};
/* End PBXNativeTarget section */

/* Begin PBXProject section */
		4296D9B5213D8DEA00EC05A8 /* Project object */ = {
			isa = PBXProject;
			attributes = {
				LastSwiftUpdateCheck = 1000;
				LastUpgradeCheck = 1000;
				ORGANIZATIONNAME = "SouthWest University-yukun";
				TargetAttributes = {
					4296D9BC213D8DEA00EC05A8 = {
						CreatedOnToolsVersion = 10.0;
					};
				};
			};
			buildConfigurationList = 4296D9B8213D8DEA00EC05A8 /* Build configuration list for PBXProject "PlantBook" */;
			compatibilityVersion = "Xcode 9.3";
			developmentRegion = en;
			hasScannedForEncodings = 0;
			knownRegions = (
				en,
				Base,
			);
			mainGroup = 4296D9B4213D8DEA00EC05A8;
			productRefGroup = 4296D9BE213D8DEA00EC05A8 /* Products */;
			projectDirPath = "";
			projectRoot = "";
			targets = (
				4296D9BC213D8DEA00EC05A8 /* PlantBook */,
			);
		};
/* End PBXProject section */

/* Begin PBXResourcesBuildPhase section */
		4296D9BB213D8DEA00EC05A8 /* Resources */ = {
			isa = PBXResourcesBuildPhase;
			buildActionMask = 2147483647;
			files = (
				42DC56E5216A531500514AB2 /* leafMargin.tiff in Resources */,
				4296D9CB213D8DEC00EC05A8 /* LaunchScreen.storyboard in Resources */,
				42DC56E2216A531500514AB2 /* crack.tiff in Resources */,
				42DC56D6216A530B00514AB2 /* help.html in Resources */,
				42A422082167E35300F54C1F /* PlantLocations.json in Resources */,
				42DC56E9216A531500514AB2 /* fruit.tiff in Resources */,
				42DC56E7216A531500514AB2 /* leaf.tiff in Resources */,
				42DC56E3216A531500514AB2 /* leafGrowth.tiff in Resources */,
				423F84D9215E7937004CF08E /* FuzzySearch.storyboard in Resources */,
				42DC56EA216A531500514AB2 /* parallelVeins.tiff in Resources */,
				42DC56E4216A531500514AB2 /* leafAppearance.tiff in Resources */,
				42DC56E8216A531500514AB2 /* inflorescence.tiff in Resources */,
				4296D9C8213D8DEC00EC05A8 /* Assets.xcassets in Resources */,
				42DC56E6216A531500514AB2 /* arallelParallelVenation.tiff in Resources */,
				423F84D6215E330E004CF08E /* NoDataView.xib in Resources */,
				4296D9C6213D8DEA00EC05A8 /* Main.storyboard in Resources */,
				42DC56EE216A532600514AB2 /* style.css in Resources */,
				42DC569D2169B53000514AB2 /* PlantNames.txt in Resources */,
				421D959621455DE00058CC1B /* Detail.storyboard in Resources */,
				42DC56EC216A531500514AB2 /* nettedVenation.tiff in Resources */,
				42DC56EB216A531500514AB2 /* palmateVein.tiff in Resources */,
			);
			runOnlyForDeploymentPostprocessing = 0;
		};
/* End PBXResourcesBuildPhase section */

/* Begin PBXShellScriptBuildPhase section */
		0B2DD8C4812B48FE1181D9D0 /* [CP] Embed Pods Frameworks */ = {
			isa = PBXShellScriptBuildPhase;
			buildActionMask = 2147483647;
			files = (
			);
			inputPaths = (
				"${SRCROOT}/Pods/Target Support Files/Pods-PlantBook/Pods-PlantBook-frameworks.sh",
				"${BUILT_PRODUCTS_DIR}/Kingfisher/Kingfisher.framework",
			);
			name = "[CP] Embed Pods Frameworks";
			outputPaths = (
				"${TARGET_BUILD_DIR}/${FRAMEWORKS_FOLDER_PATH}/Kingfisher.framework",
			);
			runOnlyForDeploymentPostprocessing = 0;
			shellPath = /bin/sh;
			shellScript = "\"${SRCROOT}/Pods/Target Support Files/Pods-PlantBook/Pods-PlantBook-frameworks.sh\"\n";
			showEnvVarsInLog = 0;
		};
		193FED9239804CCC625C8300 /* [CP] Check Pods Manifest.lock */ = {
			isa = PBXShellScriptBuildPhase;
			buildActionMask = 2147483647;
			files = (
			);
			inputPaths = (
				"${PODS_PODFILE_DIR_PATH}/Podfile.lock",
				"${PODS_ROOT}/Manifest.lock",
			);
			name = "[CP] Check Pods Manifest.lock";
			outputPaths = (
				"$(DERIVED_FILE_DIR)/Pods-PlantBook-checkManifestLockResult.txt",
			);
			runOnlyForDeploymentPostprocessing = 0;
			shellPath = /bin/sh;
			shellScript = "diff \"${PODS_PODFILE_DIR_PATH}/Podfile.lock\" \"${PODS_ROOT}/Manifest.lock\" > /dev/null\nif [ $? != 0 ] ; then\n    # print error to STDERR\n    echo \"error: The sandbox is not in sync with the Podfile.lock. Run 'pod install' or update your CocoaPods installation.\" >&2\n    exit 1\nfi\n# This output is used by Xcode 'outputs' to avoid re-running this script phase.\necho \"SUCCESS\" > \"${SCRIPT_OUTPUT_FILE_0}\"\n";
			showEnvVarsInLog = 0;
		};
		C15D21945E669202BF51FFFD /* [CP] Copy Pods Resources */ = {
			isa = PBXShellScriptBuildPhase;
			buildActionMask = 2147483647;
			files = (
			);
			inputPaths = (
				"${SRCROOT}/Pods/Target Support Files/Pods-PlantBook/Pods-PlantBook-resources.sh",
				"${PODS_ROOT}/BaiduMapKit/BaiduMapKit/BaiduMapAPI_Map.framework/mapapi.bundle",
			);
			name = "[CP] Copy Pods Resources";
			outputPaths = (
				"${TARGET_BUILD_DIR}/${UNLOCALIZED_RESOURCES_FOLDER_PATH}/mapapi.bundle",
			);
			runOnlyForDeploymentPostprocessing = 0;
			shellPath = /bin/sh;
			shellScript = "\"${SRCROOT}/Pods/Target Support Files/Pods-PlantBook/Pods-PlantBook-resources.sh\"\n";
			showEnvVarsInLog = 0;
		};
/* End PBXShellScriptBuildPhase section */

/* Begin PBXSourcesBuildPhase section */
		4296D9B9213D8DEA00EC05A8 /* Sources */ = {
			isa = PBXSourcesBuildPhase;
			buildActionMask = 2147483647;
			files = (
				4277A5EF215B6AF400D204F0 /* UIView.swift in Sources */,
				42C47239215D2978008265BB /* UserFavoritesTableViewController.swift in Sources */,
				42E2A15121539F42009FCC27 /* String.swift in Sources */,
				4257870C214546C30006E90B /* AnimatedAnnotationView.swift in Sources */,
				42C783D32141933100F76B24 /* PlantBookTableViewController.swift in Sources */,
				42C783D82141943200F76B24 /* PlantDetailTableViewController.swift in Sources */,
				423F84DD215E7C5E004CF08E /* JYKPicker.m in Sources */,
				42DC569B2169AE5D00514AB2 /* DispatchQueue.swift in Sources */,
				42A040DA2143E27000DDEBB4 /* PlantData.swift in Sources */,
				4220A4BA2155F64B0019F84B /* NetworkService.swift in Sources */,
				4220A4BF2156359E0019F84B /* MBProgressHUD.m in Sources */,
				42DEC62A215D189B005673FA /* GSKeyChainDataManager.m in Sources */,
				42DC56D2216A43EE00514AB2 /* FuzzySearchHelpViewController.swift in Sources */,
				4220A4B82155F54E0019F84B /* PlantTableViewCell.swift in Sources */,
				424C9D2E214E242F00ECBDA7 /* PlantStore.swift in Sources */,
				42C783C821418FDE00F76B24 /* PlantMapViewController.swift in Sources */,
				42BBFE48215F1EAA003DC97D /* FuzzySearchTableViewController.swift in Sources */,
				42C783D62141940400F76B24 /* PlantListTableViewController.swift in Sources */,
				42624404215CF57E0056BA96 /* SearchResultViewController.swift in Sources */,
				42C783CF214192BE00F76B24 /* PlantSelectViewController.swift in Sources */,
				42DEC62B215D189B005673FA /* GSKeyChain.m in Sources */,
				4296D9C1213D8DEA00EC05A8 /* AppDelegate.swift in Sources */,
				42E2A1532154E17E009FCC27 /* RootPlantBookViewController.swift in Sources */,
			);
			runOnlyForDeploymentPostprocessing = 0;
		};
/* End PBXSourcesBuildPhase section */

/* Begin PBXVariantGroup section */
		4296D9C4213D8DEA00EC05A8 /* Main.storyboard */ = {
			isa = PBXVariantGroup;
			children = (
				4296D9C5213D8DEA00EC05A8 /* Base */,
				42CAC656215CBEEF002B9C7F /* zh-Hans */,
			);
			name = Main.storyboard;
			sourceTree = "<group>";
		};
		4296D9C9213D8DEC00EC05A8 /* LaunchScreen.storyboard */ = {
			isa = PBXVariantGroup;
			children = (
				4296D9CA213D8DEC00EC05A8 /* Base */,
				42CAC657215CBEEF002B9C7F /* zh-Hans */,
			);
			name = LaunchScreen.storyboard;
			sourceTree = "<group>";
		};
/* End PBXVariantGroup section */

/* Begin XCBuildConfiguration section */
		4296D9CD213D8DEC00EC05A8 /* Debug */ = {
			isa = XCBuildConfiguration;
			buildSettings = {
				ALWAYS_SEARCH_USER_PATHS = NO;
				CLANG_ANALYZER_LOCALIZABILITY_NONLOCALIZED = YES;
				CLANG_ANALYZER_NONNULL = YES;
				CLANG_ANALYZER_NUMBER_OBJECT_CONVERSION = YES_AGGRESSIVE;
				CLANG_CXX_LANGUAGE_STANDARD = "gnu++14";
				CLANG_CXX_LIBRARY = "libc++";
				CLANG_ENABLE_MODULES = YES;
				CLANG_ENABLE_OBJC_ARC = YES;
				CLANG_ENABLE_OBJC_WEAK = YES;
				CLANG_WARN_BLOCK_CAPTURE_AUTORELEASING = YES;
				CLANG_WARN_BOOL_CONVERSION = YES;
				CLANG_WARN_COMMA = YES;
				CLANG_WARN_CONSTANT_CONVERSION = YES;
				CLANG_WARN_DEPRECATED_OBJC_IMPLEMENTATIONS = YES;
				CLANG_WARN_DIRECT_OBJC_ISA_USAGE = YES_ERROR;
				CLANG_WARN_DOCUMENTATION_COMMENTS = YES;
				CLANG_WARN_EMPTY_BODY = YES;
				CLANG_WARN_ENUM_CONVERSION = YES;
				CLANG_WARN_INFINITE_RECURSION = YES;
				CLANG_WARN_INT_CONVERSION = YES;
				CLANG_WARN_NON_LITERAL_NULL_CONVERSION = YES;
				CLANG_WARN_OBJC_IMPLICIT_RETAIN_SELF = YES;
				CLANG_WARN_OBJC_LITERAL_CONVERSION = YES;
				CLANG_WARN_OBJC_ROOT_CLASS = YES_ERROR;
				CLANG_WARN_RANGE_LOOP_ANALYSIS = YES;
				CLANG_WARN_STRICT_PROTOTYPES = YES;
				CLANG_WARN_SUSPICIOUS_MOVE = YES;
				CLANG_WARN_UNGUARDED_AVAILABILITY = YES_AGGRESSIVE;
				CLANG_WARN_UNREACHABLE_CODE = YES;
				CLANG_WARN__DUPLICATE_METHOD_MATCH = YES;
				CODE_SIGN_IDENTITY = "iPhone Developer";
				COPY_PHASE_STRIP = NO;
				DEBUG_INFORMATION_FORMAT = dwarf;
				ENABLE_STRICT_OBJC_MSGSEND = YES;
				ENABLE_TESTABILITY = YES;
				GCC_C_LANGUAGE_STANDARD = gnu11;
				GCC_DYNAMIC_NO_PIC = NO;
				GCC_NO_COMMON_BLOCKS = YES;
				GCC_OPTIMIZATION_LEVEL = 0;
				GCC_PREPROCESSOR_DEFINITIONS = (
					"DEBUG=1",
					"$(inherited)",
				);
				GCC_WARN_64_TO_32_BIT_CONVERSION = YES;
				GCC_WARN_ABOUT_RETURN_TYPE = YES_ERROR;
				GCC_WARN_UNDECLARED_SELECTOR = YES;
				GCC_WARN_UNINITIALIZED_AUTOS = YES_AGGRESSIVE;
				GCC_WARN_UNUSED_FUNCTION = YES;
				GCC_WARN_UNUSED_VARIABLE = YES;
				IPHONEOS_DEPLOYMENT_TARGET = 9.0;
				MTL_ENABLE_DEBUG_INFO = INCLUDE_SOURCE;
				ONLY_ACTIVE_ARCH = YES;
				SDKROOT = iphoneos;
				SWIFT_ACTIVE_COMPILATION_CONDITIONS = DEBUG;
				SWIFT_OPTIMIZATION_LEVEL = "-Onone";
			};
			name = Debug;
		};
		4296D9CE213D8DEC00EC05A8 /* Release */ = {
			isa = XCBuildConfiguration;
			buildSettings = {
				ALWAYS_SEARCH_USER_PATHS = NO;
				CLANG_ANALYZER_LOCALIZABILITY_NONLOCALIZED = YES;
				CLANG_ANALYZER_NONNULL = YES;
				CLANG_ANALYZER_NUMBER_OBJECT_CONVERSION = YES_AGGRESSIVE;
				CLANG_CXX_LANGUAGE_STANDARD = "gnu++14";
				CLANG_CXX_LIBRARY = "libc++";
				CLANG_ENABLE_MODULES = YES;
				CLANG_ENABLE_OBJC_ARC = YES;
				CLANG_ENABLE_OBJC_WEAK = YES;
				CLANG_WARN_BLOCK_CAPTURE_AUTORELEASING = YES;
				CLANG_WARN_BOOL_CONVERSION = YES;
				CLANG_WARN_COMMA = YES;
				CLANG_WARN_CONSTANT_CONVERSION = YES;
				CLANG_WARN_DEPRECATED_OBJC_IMPLEMENTATIONS = YES;
				CLANG_WARN_DIRECT_OBJC_ISA_USAGE = YES_ERROR;
				CLANG_WARN_DOCUMENTATION_COMMENTS = YES;
				CLANG_WARN_EMPTY_BODY = YES;
				CLANG_WARN_ENUM_CONVERSION = YES;
				CLANG_WARN_INFINITE_RECURSION = YES;
				CLANG_WARN_INT_CONVERSION = YES;
				CLANG_WARN_NON_LITERAL_NULL_CONVERSION = YES;
				CLANG_WARN_OBJC_IMPLICIT_RETAIN_SELF = YES;
				CLANG_WARN_OBJC_LITERAL_CONVERSION = YES;
				CLANG_WARN_OBJC_ROOT_CLASS = YES_ERROR;
				CLANG_WARN_RANGE_LOOP_ANALYSIS = YES;
				CLANG_WARN_STRICT_PROTOTYPES = YES;
				CLANG_WARN_SUSPICIOUS_MOVE = YES;
				CLANG_WARN_UNGUARDED_AVAILABILITY = YES_AGGRESSIVE;
				CLANG_WARN_UNREACHABLE_CODE = YES;
				CLANG_WARN__DUPLICATE_METHOD_MATCH = YES;
				CODE_SIGN_IDENTITY = "iPhone Developer";
				COPY_PHASE_STRIP = NO;
				DEBUG_INFORMATION_FORMAT = "dwarf-with-dsym";
				ENABLE_NS_ASSERTIONS = NO;
				ENABLE_STRICT_OBJC_MSGSEND = YES;
				GCC_C_LANGUAGE_STANDARD = gnu11;
				GCC_NO_COMMON_BLOCKS = YES;
				GCC_WARN_64_TO_32_BIT_CONVERSION = YES;
				GCC_WARN_ABOUT_RETURN_TYPE = YES_ERROR;
				GCC_WARN_UNDECLARED_SELECTOR = YES;
				GCC_WARN_UNINITIALIZED_AUTOS = YES_AGGRESSIVE;
				GCC_WARN_UNUSED_FUNCTION = YES;
				GCC_WARN_UNUSED_VARIABLE = YES;
				IPHONEOS_DEPLOYMENT_TARGET = 9.0;
				MTL_ENABLE_DEBUG_INFO = NO;
				SDKROOT = iphoneos;
				SWIFT_COMPILATION_MODE = wholemodule;
				SWIFT_OPTIMIZATION_LEVEL = "-O";
				VALIDATE_PRODUCT = YES;
			};
			name = Release;
		};
		4296D9D0213D8DED00EC05A8 /* Debug */ = {
			isa = XCBuildConfiguration;
			baseConfigurationReference = B699F163D30E4D34BB4E785B /* Pods-PlantBook.debug.xcconfig */;
			buildSettings = {
				ASSETCATALOG_COMPILER_APPICON_NAME = AppIcon;
				CODE_SIGN_IDENTITY = "iPhone Developer";
				CODE_SIGN_STYLE = Automatic;
				DEVELOPMENT_TEAM = HLHREAEH5Q;
				ENABLE_BITCODE = YES;
				INFOPLIST_FILE = plantBook/Info.plist;
				IPHONEOS_DEPLOYMENT_TARGET = 9.0;
				LD_RUNPATH_SEARCH_PATHS = (
					"$(inherited)",
					"@executable_path/Frameworks",
				);
				PRODUCT_BUNDLE_IDENTIFIER = com.yukun.swu.plantBook;
				PRODUCT_NAME = "$(TARGET_NAME)";
				PROVISIONING_PROFILE_SPECIFIER = "";
				SWIFT_OBJC_BRIDGING_HEADER = "PlantBook/Bridging-Header/PlantBook-Bridging-Header.h";
				SWIFT_VERSION = 4.2;
				TARGETED_DEVICE_FAMILY = 1;
			};
			name = Debug;
		};
		4296D9D1213D8DED00EC05A8 /* Release */ = {
			isa = XCBuildConfiguration;
			baseConfigurationReference = CD4D873B89BE63C1834DD82D /* Pods-PlantBook.release.xcconfig */;
			buildSettings = {
				ASSETCATALOG_COMPILER_APPICON_NAME = AppIcon;
				CODE_SIGN_IDENTITY = "iPhone Developer";
				CODE_SIGN_STYLE = Automatic;
				DEVELOPMENT_TEAM = HLHREAEH5Q;
				ENABLE_BITCODE = YES;
				INFOPLIST_FILE = plantBook/Info.plist;
				IPHONEOS_DEPLOYMENT_TARGET = 9.0;
				LD_RUNPATH_SEARCH_PATHS = (
					"$(inherited)",
					"@executable_path/Frameworks",
				);
				PRODUCT_BUNDLE_IDENTIFIER = com.yukun.swu.plantBook;
				PRODUCT_NAME = "$(TARGET_NAME)";
				PROVISIONING_PROFILE_SPECIFIER = "";
				SWIFT_OBJC_BRIDGING_HEADER = "PlantBook/Bridging-Header/PlantBook-Bridging-Header.h";
				SWIFT_VERSION = 4.2;
				TARGETED_DEVICE_FAMILY = 1;
			};
			name = Release;
		};
/* End XCBuildConfiguration section */

/* Begin XCConfigurationList section */
		4296D9B8213D8DEA00EC05A8 /* Build configuration list for PBXProject "PlantBook" */ = {
			isa = XCConfigurationList;
			buildConfigurations = (
				4296D9CD213D8DEC00EC05A8 /* Debug */,
				4296D9CE213D8DEC00EC05A8 /* Release */,
			);
			defaultConfigurationIsVisible = 0;
			defaultConfigurationName = Release;
		};
		4296D9CF213D8DED00EC05A8 /* Build configuration list for PBXNativeTarget "PlantBook" */ = {
			isa = XCConfigurationList;
			buildConfigurations = (
				4296D9D0213D8DED00EC05A8 /* Debug */,
				4296D9D1213D8DED00EC05A8 /* Release */,
			);
			defaultConfigurationIsVisible = 0;
			defaultConfigurationName = Release;
		};
/* End XCConfigurationList section */
	};
	rootObject = 4296D9B5213D8DEA00EC05A8 /* Project object */;
}
